
Microsoft Visual Studio Solution File, Format Version 12.00
# Visual Studio Version 17
VisualStudioVersion = 17.9.34728.123
MinimumVisualStudioVersion = 10.0.40219.1
Project("{FAE04EC0-301F-11D3-BF4B-00C04F79EFBC}") = "Specflowtest", "Specflowtest\Specflowtest.csproj", "{91ABCADF-3D7C-4939-9EFD-6303632888DE}"
EndProject
Global
	GlobalSection(SolutionConfigurationPlatforms) = preSolution
		Debug|Any CPU = Debug|Any CPU
		Release|Any CPU = Release|Any CPU
	EndGlobalSection
	GlobalSection(ProjectConfigurationPlatforms) = postSolution
		{91ABCADF-3D7C-4939-9EFD-6303632888DE}.Debug|Any CPU.ActiveCfg = Debug|Any CPU
		{91ABCADF-3D7C-4939-9EFD-6303632888DE}.Debug|Any CPU.Build.0 = Debug|Any CPU
		{91ABCADF-3D7C-4939-9EFD-6303632888DE}.Release|Any CPU.ActiveCfg = Release|Any CPU
		{91ABCADF-3D7C-4939-9EFD-6303632888DE}.Release|Any CPU.Build.0 = Release|Any CPU
	EndGlobalSection
	GlobalSection(SolutionProperties) = preSolution
		HideSolutionNode = FALSE
	EndGlobalSection
	GlobalSection(ExtensibilityGlobals) = postSolution
		SolutionGuid = {735984B2-9740-4D2A-AF13-1E4CF3FBF985}
	EndGlobalSection
EndGlobal
